
Microsoft Visual Studio Solution File, Format Version 12.00
# Visual Studio Version 17
VisualStudioVersion = 17.0.32014.148
MinimumVisualStudioVersion = 10.0.40219.1
Project("{FAE04EC0-301F-11D3-BF4B-00C04F79EFBC}") = "AppModel", "AppModel.csproj", "{17C9A8EB-876C-4904-B0A7-2D27744760F9}"
EndProject
Global
	GlobalSection(SolutionConfigurationPlatforms) = preSolution
		Debug|Any CPU = Debug|Any CPU
		Release|Any CPU = Release|Any CPU
	EndGlobalSection
	GlobalSection(ProjectConfigurationPlatforms) = postSolution
		{17C9A8EB-876C-4904-B0A7-2D27744760F9}.Debug|Any CPU.ActiveCfg = Debug|Any CPU
		{17C9A8EB-876C-4904-B0A7-2D27744760F9}.Debug|Any CPU.Build.0 = Debug|Any CPU
		{17C9A8EB-876C-4904-B0A7-2D27744760F9}.Release|Any CPU.ActiveCfg = Release|Any CPU
		{17C9A8EB-876C-4904-B0A7-2D27744760F9}.Release|Any CPU.Build.0 = Release|Any CPU
	EndGlobalSection
	GlobalSection(SolutionProperties) = preSolution
		HideSolutionNode = FALSE
	EndGlobalSection
	GlobalSection(ExtensibilityGlobals) = postSolution
		SolutionGuid = {65580C6D-1F90-4BA5-9597-4711F84AC619}
	EndGlobalSection
EndGlobal
